
Microsoft Visual Studio Solution File, Format Version 12.00
# Visual Studio Version 17
VisualStudioVersion = 17.7.34003.232
MinimumVisualStudioVersion = 10.0.40219.1
Project("{FAE04EC0-301F-11D3-BF4B-00C04F79EFBC}") = "C971_001340166.Android", "C971_001340166.Android\C971_001340166.Android.csproj", "{66BC85DC-694F-4B9A-B60A-5D55CAEAC3D5}"
EndProject
Project("{FAE04EC0-301F-11D3-BF4B-00C04F79EFBC}") = "C971_001340166.iOS", "C971_001340166.iOS\C971_001340166.iOS.csproj", "{6C0B4A0B-22D9-468F-91FC-D991B9602DBC}"
EndProject
Project("{FAE04EC0-301F-11D3-BF4B-00C04F79EFBC}") = "C971_001340166", "C971_001340166\C971_001340166.csproj", "{D02F9F7A-BB5E-4F17-9C26-8FA0A04A780F}"
EndProject
Global
	GlobalSection(SolutionConfigurationPlatforms) = preSolution
		Debug|Any CPU = Debug|Any CPU
		Debug|iPhone = Debug|iPhone
		Debug|iPhoneSimulator = Debug|iPhoneSimulator
		Release|Any CPU = Release|Any CPU
		Release|iPhone = Release|iPhone
		Release|iPhoneSimulator = Release|iPhoneSimulator
	EndGlobalSection
	GlobalSection(ProjectConfigurationPlatforms) = postSolution
		{66BC85DC-694F-4B9A-B60A-5D55CAEAC3D5}.Debug|Any CPU.ActiveCfg = Debug|Any CPU
		{66BC85DC-694F-4B9A-B60A-5D55CAEAC3D5}.Debug|Any CPU.Build.0 = Debug|Any CPU
		{66BC85DC-694F-4B9A-B60A-5D55CAEAC3D5}.Debug|Any CPU.Deploy.0 = Debug|Any CPU
		{66BC85DC-694F-4B9A-B60A-5D55CAEAC3D5}.Debug|iPhone.ActiveCfg = Debug|Any CPU
		{66BC85DC-694F-4B9A-B60A-5D55CAEAC3D5}.Debug|iPhone.Build.0 = Debug|Any CPU
		{66BC85DC-694F-4B9A-B60A-5D55CAEAC3D5}.Debug|iPhone.Deploy.0 = Debug|Any CPU
		{66BC85DC-694F-4B9A-B60A-5D55CAEAC3D5}.Debug|iPhoneSimulator.ActiveCfg = Debug|Any CPU
		{66BC85DC-694F-4B9A-B60A-5D55CAEAC3D5}.Debug|iPhoneSimulator.Build.0 = Debug|Any CPU
		{66BC85DC-694F-4B9A-B60A-5D55CAEAC3D5}.Debug|iPhoneSimulator.Deploy.0 = Debug|Any CPU
		{66BC85DC-694F-4B9A-B60A-5D55CAEAC3D5}.Release|Any CPU.ActiveCfg = Release|Any CPU
		{66BC85DC-694F-4B9A-B60A-5D55CAEAC3D5}.Release|Any CPU.Build.0 = Release|Any CPU
		{66BC85DC-694F-4B9A-B60A-5D55CAEAC3D5}.Release|Any CPU.Deploy.0 = Release|Any CPU
		{66BC85DC-694F-4B9A-B60A-5D55CAEAC3D5}.Release|iPhone.ActiveCfg = Release|Any CPU
		{66BC85DC-694F-4B9A-B60A-5D55CAEAC3D5}.Release|iPhone.Build.0 = Release|Any CPU
		{66BC85DC-694F-4B9A-B60A-5D55CAEAC3D5}.Release|iPhone.Deploy.0 = Release|Any CPU
		{66BC85DC-694F-4B9A-B60A-5D55CAEAC3D5}.Release|iPhoneSimulator.ActiveCfg = Release|Any CPU
		{66BC85DC-694F-4B9A-B60A-5D55CAEAC3D5}.Release|iPhoneSimulator.Build.0 = Release|Any CPU
		{66BC85DC-694F-4B9A-B60A-5D55CAEAC3D5}.Release|iPhoneSimulator.Deploy.0 = Release|Any CPU
		{6C0B4A0B-22D9-468F-91FC-D991B9602DBC}.Debug|Any CPU.ActiveCfg = Debug|iPhone
		{6C0B4A0B-22D9-468F-91FC-D991B9602DBC}.Debug|Any CPU.Build.0 = Debug|iPhone
		{6C0B4A0B-22D9-468F-91FC-D991B9602DBC}.Debug|Any CPU.Deploy.0 = Debug|iPhone
		{6C0B4A0B-22D9-468F-91FC-D991B9602DBC}.Debug|iPhone.ActiveCfg = Debug|iPhone
		{6C0B4A0B-22D9-468F-91FC-D991B9602DBC}.Debug|iPhone.Build.0 = Debug|iPhone
		{6C0B4A0B-22D9-468F-91FC-D991B9602DBC}.Debug|iPhone.Deploy.0 = Debug|iPhone
		{6C0B4A0B-22D9-468F-91FC-D991B9602DBC}.Debug|iPhoneSimulator.ActiveCfg = Debug|iPhoneSimulator
		{6C0B4A0B-22D9-468F-91FC-D991B9602DBC}.Debug|iPhoneSimulator.Build.0 = Debug|iPhoneSimulator
		{6C0B4A0B-22D9-468F-91FC-D991B9602DBC}.Debug|iPhoneSimulator.Deploy.0 = Debug|iPhoneSimulator
		{6C0B4A0B-22D9-468F-91FC-D991B9602DBC}.Release|Any CPU.ActiveCfg = Release|iPhoneSimulator
		{6C0B4A0B-22D9-468F-91FC-D991B9602DBC}.Release|Any CPU.Build.0 = Release|iPhoneSimulator
		{6C0B4A0B-22D9-468F-91FC-D991B9602DBC}.Release|Any CPU.Deploy.0 = Release|iPhoneSimulator
		{6C0B4A0B-22D9-468F-91FC-D991B9602DBC}.Release|iPhone.ActiveCfg = Release|iPhone
		{6C0B4A0B-22D9-468F-91FC-D991B9602DBC}.Release|iPhone.Build.0 = Release|iPhone
		{6C0B4A0B-22D9-468F-91FC-D991B9602DBC}.Release|iPhone.Deploy.0 = Release|iPhone
		{6C0B4A0B-22D9-468F-91FC-D991B9602DBC}.Release|iPhoneSimulator.ActiveCfg = Release|iPhoneSimulator
		{6C0B4A0B-22D9-468F-91FC-D991B9602DBC}.Release|iPhoneSimulator.Build.0 = Release|iPhoneSimulator
		{6C0B4A0B-22D9-468F-91FC-D991B9602DBC}.Release|iPhoneSimulator.Deploy.0 = Release|iPhoneSimulator
		{D02F9F7A-BB5E-4F17-9C26-8FA0A04A780F}.Debug|Any CPU.ActiveCfg = Debug|Any CPU
		{D02F9F7A-BB5E-4F17-9C26-8FA0A04A780F}.Debug|Any CPU.Build.0 = Debug|Any CPU
		{D02F9F7A-BB5E-4F17-9C26-8FA0A04A780F}.Debug|Any CPU.Deploy.0 = Debug|Any CPU
		{D02F9F7A-BB5E-4F17-9C26-8FA0A04A780F}.Debug|iPhone.ActiveCfg = Debug|Any CPU
		{D02F9F7A-BB5E-4F17-9C26-8FA0A04A780F}.Debug|iPhone.Build.0 = Debug|Any CPU
		{D02F9F7A-BB5E-4F17-9C26-8FA0A04A780F}.Debug|iPhone.Deploy.0 = Debug|Any CPU
		{D02F9F7A-BB5E-4F17-9C26-8FA0A04A780F}.Debug|iPhoneSimulator.ActiveCfg = Debug|Any CPU
		{D02F9F7A-BB5E-4F17-9C26-8FA0A04A780F}.Debug|iPhoneSimulator.Build.0 = Debug|Any CPU
		{D02F9F7A-BB5E-4F17-9C26-8FA0A04A780F}.Debug|iPhoneSimulator.Deploy.0 = Debug|Any CPU
		{D02F9F7A-BB5E-4F17-9C26-8FA0A04A780F}.Release|Any CPU.ActiveCfg = Release|Any CPU
		{D02F9F7A-BB5E-4F17-9C26-8FA0A04A780F}.Release|Any CPU.Build.0 = Release|Any CPU
		{D02F9F7A-BB5E-4F17-9C26-8FA0A04A780F}.Release|Any CPU.Deploy.0 = Release|Any CPU
		{D02F9F7A-BB5E-4F17-9C26-8FA0A04A780F}.Release|iPhone.ActiveCfg = Release|Any CPU
		{D02F9F7A-BB5E-4F17-9C26-8FA0A04A780F}.Release|iPhone.Build.0 = Release|Any CPU
		{D02F9F7A-BB5E-4F17-9C26-8FA0A04A780F}.Release|iPhone.Deploy.0 = Release|Any CPU
		{D02F9F7A-BB5E-4F17-9C26-8FA0A04A780F}.Release|iPhoneSimulator.ActiveCfg = Release|Any CPU
		{D02F9F7A-BB5E-4F17-9C26-8FA0A04A780F}.Release|iPhoneSimulator.Build.0 = Release|Any CPU
		{D02F9F7A-BB5E-4F17-9C26-8FA0A04A780F}.Release|iPhoneSimulator.Deploy.0 = Release|Any CPU
	EndGlobalSection
	GlobalSection(SolutionProperties) = preSolution
		HideSolutionNode = FALSE
	EndGlobalSection
	GlobalSection(ExtensibilityGlobals) = postSolution
		SolutionGuid = {42260E17-C853-417B-8E16-F09B0FBCCBEB}
	EndGlobalSection
EndGlobal
